
Microsoft Visual Studio Solution File, Format Version 12.00
# Visual Studio Version 17
VisualStudioVersion = 17.3.32929.385
MinimumVisualStudioVersion = 10.0.40219.1
Project("{9A19103F-16F7-4668-BE54-9A1E7A4F7556}") = "NunitPlaywrightTests", "NunitPlaywrightTests.csproj", "{95EFF5D4-6E61-461B-ADDE-23542E5F91C7}"
EndProject
Global
	GlobalSection(SolutionConfigurationPlatforms) = preSolution
		Debug|Any CPU = Debug|Any CPU
		Release|Any CPU = Release|Any CPU
	EndGlobalSection
	GlobalSection(ProjectConfigurationPlatforms) = postSolution
		{95EFF5D4-6E61-461B-ADDE-23542E5F91C7}.Debug|Any CPU.ActiveCfg = Debug|Any CPU
		{95EFF5D4-6E61-461B-ADDE-23542E5F91C7}.Debug|Any CPU.Build.0 = Debug|Any CPU
		{95EFF5D4-6E61-461B-ADDE-23542E5F91C7}.Release|Any CPU.ActiveCfg = Release|Any CPU
		{95EFF5D4-6E61-461B-ADDE-23542E5F91C7}.Release|Any CPU.Build.0 = Release|Any CPU
	EndGlobalSection
	GlobalSection(SolutionProperties) = preSolution
		HideSolutionNode = FALSE
	EndGlobalSection
	GlobalSection(ExtensibilityGlobals) = postSolution
		SolutionGuid = {C8326E00-CD55-4D11-B946-80B8657BA3E7}
	EndGlobalSection
EndGlobal
